
Microsoft Visual Studio Solution File, Format Version 11.00
# Visual Studio 2010
Project("{FAE04EC0-301F-11D3-BF4B-00C04F79EFBC}") = "Ohjelmointipeli", "Assembly-CSharp-firstpass.csproj", "{6FA68584-0F64-AE3A-9426-4DC37BE853C4}"
EndProject
Project("{FAE04EC0-301F-11D3-BF4B-00C04F79EFBC}") = "Ohjelmointipeli", "Assembly-CSharp.csproj", "{94EE3B68-1C52-0E98-E038-B18CD8350A7C}"
EndProject
Project("{FAE04EC0-301F-11D3-BF4B-00C04F79EFBC}") = "Ohjelmointipeli", "Assembly-CSharp-Editor-firstpass.csproj", "{C236E0E6-B9D7-0D15-9340-53EFCCA9FEE5}"
EndProject
Project("{FAE04EC0-301F-11D3-BF4B-00C04F79EFBC}") = "Ohjelmointipeli", "Assembly-CSharp-Editor.csproj", "{C5734B6E-35A4-5618-83A2-CAC0264CED5B}"
EndProject
Project("{7FBCAC4A-9B86-3BE1-B57B-34EA6075D6DC}") = "Ohjelmointipeli", "Assembly-UnityScript.unityproj", "{80D9078B-47AA-5DF0-3480-760E1C82D200}"
EndProject
Global
	GlobalSection(SolutionConfigurationPlatforms) = preSolution
		Debug|Any CPU = Debug|Any CPU
		Release|Any CPU = Release|Any CPU
	EndGlobalSection
	GlobalSection(ProjectConfigurationPlatforms) = postSolution
		{6FA68584-0F64-AE3A-9426-4DC37BE853C4}.Debug|Any CPU.ActiveCfg = Debug|Any CPU
		{6FA68584-0F64-AE3A-9426-4DC37BE853C4}.Debug|Any CPU.Build.0 = Debug|Any CPU
		{6FA68584-0F64-AE3A-9426-4DC37BE853C4}.Release|Any CPU.ActiveCfg = Release|Any CPU
		{6FA68584-0F64-AE3A-9426-4DC37BE853C4}.Release|Any CPU.Build.0 = Release|Any CPU
		{94EE3B68-1C52-0E98-E038-B18CD8350A7C}.Debug|Any CPU.ActiveCfg = Debug|Any CPU
		{94EE3B68-1C52-0E98-E038-B18CD8350A7C}.Debug|Any CPU.Build.0 = Debug|Any CPU
		{94EE3B68-1C52-0E98-E038-B18CD8350A7C}.Release|Any CPU.ActiveCfg = Release|Any CPU
		{94EE3B68-1C52-0E98-E038-B18CD8350A7C}.Release|Any CPU.Build.0 = Release|Any CPU
		{C236E0E6-B9D7-0D15-9340-53EFCCA9FEE5}.Debug|Any CPU.ActiveCfg = Debug|Any CPU
		{C236E0E6-B9D7-0D15-9340-53EFCCA9FEE5}.Debug|Any CPU.Build.0 = Debug|Any CPU
		{C236E0E6-B9D7-0D15-9340-53EFCCA9FEE5}.Release|Any CPU.ActiveCfg = Release|Any CPU
		{C236E0E6-B9D7-0D15-9340-53EFCCA9FEE5}.Release|Any CPU.Build.0 = Release|Any CPU
		{C5734B6E-35A4-5618-83A2-CAC0264CED5B}.Debug|Any CPU.ActiveCfg = Debug|Any CPU
		{C5734B6E-35A4-5618-83A2-CAC0264CED5B}.Debug|Any CPU.Build.0 = Debug|Any CPU
		{C5734B6E-35A4-5618-83A2-CAC0264CED5B}.Release|Any CPU.ActiveCfg = Release|Any CPU
		{C5734B6E-35A4-5618-83A2-CAC0264CED5B}.Release|Any CPU.Build.0 = Release|Any CPU
		{80D9078B-47AA-5DF0-3480-760E1C82D200}.Debug|Any CPU.ActiveCfg = Debug|Any CPU
		{80D9078B-47AA-5DF0-3480-760E1C82D200}.Debug|Any CPU.Build.0 = Debug|Any CPU
		{80D9078B-47AA-5DF0-3480-760E1C82D200}.Release|Any CPU.ActiveCfg = Release|Any CPU
		{80D9078B-47AA-5DF0-3480-760E1C82D200}.Release|Any CPU.Build.0 = Release|Any CPU
	EndGlobalSection
	GlobalSection(SolutionProperties) = preSolution
		HideSolutionNode = FALSE
	EndGlobalSection
	GlobalSection(MonoDevelopProperties) = preSolution
		StartupItem = Assembly-CSharp.csproj
	EndGlobalSection
EndGlobal
