
Microsoft Visual Studio Solution File, Format Version 12.00
# Visual Studio 2015
Project("{FAE04EC0-301F-11D3-BF4B-00C04F79EFBC}") = "Ohjelmointipeli.Plugins", "Ohjelmointipeli.Plugins.csproj", "{0B9FEE09-55A4-CC30-23B7-4FD2F19D5301}"
EndProject
Project("{FAE04EC0-301F-11D3-BF4B-00C04F79EFBC}") = "Ohjelmointipeli", "Ohjelmointipeli.csproj", "{E755B273-C7D0-5AB6-642E-52242FFABC3C}"
EndProject
Project("{FAE04EC0-301F-11D3-BF4B-00C04F79EFBC}") = "Ohjelmointipeli.Editor.Plugins", "Ohjelmointipeli.Editor.Plugins.csproj", "{CEC455D6-99C7-97D5-2B3D-8C2A372ECCD1}"
EndProject
Project("{FAE04EC0-301F-11D3-BF4B-00C04F79EFBC}") = "Ohjelmointipeli.Editor", "Ohjelmointipeli.Editor.csproj", "{A5A1B548-B14B-5421-7887-9EB74C2F813E}"
EndProject
Global
	GlobalSection(SolutionConfigurationPlatforms) = preSolution
		Debug|Any CPU = Debug|Any CPU
		Release|Any CPU = Release|Any CPU
	EndGlobalSection
	GlobalSection(ProjectConfigurationPlatforms) = postSolution
		{0B9FEE09-55A4-CC30-23B7-4FD2F19D5301}.Debug|Any CPU.ActiveCfg = Debug|Any CPU
		{0B9FEE09-55A4-CC30-23B7-4FD2F19D5301}.Debug|Any CPU.Build.0 = Debug|Any CPU
		{0B9FEE09-55A4-CC30-23B7-4FD2F19D5301}.Release|Any CPU.ActiveCfg = Release|Any CPU
		{0B9FEE09-55A4-CC30-23B7-4FD2F19D5301}.Release|Any CPU.Build.0 = Release|Any CPU
		{E755B273-C7D0-5AB6-642E-52242FFABC3C}.Debug|Any CPU.ActiveCfg = Debug|Any CPU
		{E755B273-C7D0-5AB6-642E-52242FFABC3C}.Debug|Any CPU.Build.0 = Debug|Any CPU
		{E755B273-C7D0-5AB6-642E-52242FFABC3C}.Release|Any CPU.ActiveCfg = Release|Any CPU
		{E755B273-C7D0-5AB6-642E-52242FFABC3C}.Release|Any CPU.Build.0 = Release|Any CPU
		{CEC455D6-99C7-97D5-2B3D-8C2A372ECCD1}.Debug|Any CPU.ActiveCfg = Debug|Any CPU
		{CEC455D6-99C7-97D5-2B3D-8C2A372ECCD1}.Debug|Any CPU.Build.0 = Debug|Any CPU
		{CEC455D6-99C7-97D5-2B3D-8C2A372ECCD1}.Release|Any CPU.ActiveCfg = Release|Any CPU
		{CEC455D6-99C7-97D5-2B3D-8C2A372ECCD1}.Release|Any CPU.Build.0 = Release|Any CPU
		{A5A1B548-B14B-5421-7887-9EB74C2F813E}.Debug|Any CPU.ActiveCfg = Debug|Any CPU
		{A5A1B548-B14B-5421-7887-9EB74C2F813E}.Debug|Any CPU.Build.0 = Debug|Any CPU
		{A5A1B548-B14B-5421-7887-9EB74C2F813E}.Release|Any CPU.ActiveCfg = Release|Any CPU
		{A5A1B548-B14B-5421-7887-9EB74C2F813E}.Release|Any CPU.Build.0 = Release|Any CPU
	EndGlobalSection
	GlobalSection(SolutionProperties) = preSolution
		HideSolutionNode = FALSE
	EndGlobalSection
EndGlobal
